
Microsoft Visual Studio Solution File, Format Version 12.00
# Visual Studio Version 17
VisualStudioVersion = 17.13.35913.81
MinimumVisualStudioVersion = 10.0.40219.1
Project("{E53339B2-1760-4266-BCC7-CA923CBCF16C}") = "docker-compose", "docker-compose.dcproj", "{C701F9CB-22A6-4F7C-B405-0133E4EF56E9}"
EndProject
Project("{FAE04EC0-301F-11D3-BF4B-00C04F79EFBC}") = "ContractWorker", "ContractWorker\ContractWorker.csproj", "{D7B74F5E-F480-64DA-CE27-ED692C9C5A11}"
EndProject
Project("{FAE04EC0-301F-11D3-BF4B-00C04F79EFBC}") = "Client", "Client\Client.csproj", "{AE7EEA74-2FE0-136F-D797-854FD87E022A}"
EndProject
Project("{FAE04EC0-301F-11D3-BF4B-00C04F79EFBC}") = "JobWorker", "JobWorker\JobWorker.csproj", "{525EB476-80BD-5E16-B5ED-0F834C36F37C}"
EndProject
Global
	GlobalSection(SolutionConfigurationPlatforms) = preSolution
		CommonProjReferences|Any CPU = CommonProjReferences|Any CPU
		Debug|Any CPU = Debug|Any CPU
		Release|Any CPU = Release|Any CPU
	EndGlobalSection
	GlobalSection(ProjectConfigurationPlatforms) = postSolution
		{C701F9CB-22A6-4F7C-B405-0133E4EF56E9}.CommonProjReferences|Any CPU.ActiveCfg = CommonProjReferences|Any CPU
		{C701F9CB-22A6-4F7C-B405-0133E4EF56E9}.CommonProjReferences|Any CPU.Build.0 = CommonProjReferences|Any CPU
		{C701F9CB-22A6-4F7C-B405-0133E4EF56E9}.Debug|Any CPU.ActiveCfg = Debug|Any CPU
		{C701F9CB-22A6-4F7C-B405-0133E4EF56E9}.Debug|Any CPU.Build.0 = Debug|Any CPU
		{C701F9CB-22A6-4F7C-B405-0133E4EF56E9}.Release|Any CPU.ActiveCfg = Release|Any CPU
		{C701F9CB-22A6-4F7C-B405-0133E4EF56E9}.Release|Any CPU.Build.0 = Release|Any CPU
		{D7B74F5E-F480-64DA-CE27-ED692C9C5A11}.CommonProjReferences|Any CPU.ActiveCfg = Release|Any CPU
		{D7B74F5E-F480-64DA-CE27-ED692C9C5A11}.CommonProjReferences|Any CPU.Build.0 = Release|Any CPU
		{D7B74F5E-F480-64DA-CE27-ED692C9C5A11}.Debug|Any CPU.ActiveCfg = Debug|Any CPU
		{D7B74F5E-F480-64DA-CE27-ED692C9C5A11}.Debug|Any CPU.Build.0 = Debug|Any CPU
		{D7B74F5E-F480-64DA-CE27-ED692C9C5A11}.Release|Any CPU.ActiveCfg = Release|Any CPU
		{D7B74F5E-F480-64DA-CE27-ED692C9C5A11}.Release|Any CPU.Build.0 = Release|Any CPU
		{AE7EEA74-2FE0-136F-D797-854FD87E022A}.CommonProjReferences|Any CPU.ActiveCfg = Release|Any CPU
		{AE7EEA74-2FE0-136F-D797-854FD87E022A}.CommonProjReferences|Any CPU.Build.0 = Release|Any CPU
		{AE7EEA74-2FE0-136F-D797-854FD87E022A}.Debug|Any CPU.ActiveCfg = Debug|Any CPU
		{AE7EEA74-2FE0-136F-D797-854FD87E022A}.Debug|Any CPU.Build.0 = Debug|Any CPU
		{AE7EEA74-2FE0-136F-D797-854FD87E022A}.Release|Any CPU.ActiveCfg = Release|Any CPU
		{AE7EEA74-2FE0-136F-D797-854FD87E022A}.Release|Any CPU.Build.0 = Release|Any CPU
		{525EB476-80BD-5E16-B5ED-0F834C36F37C}.CommonProjReferences|Any CPU.ActiveCfg = Release|Any CPU
		{525EB476-80BD-5E16-B5ED-0F834C36F37C}.CommonProjReferences|Any CPU.Build.0 = Release|Any CPU
		{525EB476-80BD-5E16-B5ED-0F834C36F37C}.Debug|Any CPU.ActiveCfg = Debug|Any CPU
		{525EB476-80BD-5E16-B5ED-0F834C36F37C}.Debug|Any CPU.Build.0 = Debug|Any CPU
		{525EB476-80BD-5E16-B5ED-0F834C36F37C}.Release|Any CPU.ActiveCfg = Release|Any CPU
		{525EB476-80BD-5E16-B5ED-0F834C36F37C}.Release|Any CPU.Build.0 = Release|Any CPU
	EndGlobalSection
	GlobalSection(SolutionProperties) = preSolution
		HideSolutionNode = FALSE
	EndGlobalSection
	GlobalSection(ExtensibilityGlobals) = postSolution
		SolutionGuid = {F5A28D24-736E-4657-9472-89A2CF1F4ECB}
	EndGlobalSection
EndGlobal
